
Microsoft Visual Studio Solution File, Format Version 12.00
# Visual Studio Version 17
VisualStudioVersion = 17.13.35913.81 d17.13
MinimumVisualStudioVersion = 10.0.40219.1
Project("{FAE04EC0-301F-11D3-BF4B-00C04F79EFBC}") = "Doannhom4CongngheNET", "Doannhom4CongngheNET\Doannhom4CongngheNET.csproj", "{FFFA157C-7142-4884-BD30-4A709CA82776}"
EndProject
Global
	GlobalSection(SolutionConfigurationPlatforms) = preSolution
		Debug|Any CPU = Debug|Any CPU
		Release|Any CPU = Release|Any CPU
	EndGlobalSection
	GlobalSection(ProjectConfigurationPlatforms) = postSolution
		{FFFA157C-7142-4884-BD30-4A709CA82776}.Debug|Any CPU.ActiveCfg = Debug|Any CPU
		{FFFA157C-7142-4884-BD30-4A709CA82776}.Debug|Any CPU.Build.0 = Debug|Any CPU
		{FFFA157C-7142-4884-BD30-4A709CA82776}.Release|Any CPU.ActiveCfg = Release|Any CPU
		{FFFA157C-7142-4884-BD30-4A709CA82776}.Release|Any CPU.Build.0 = Release|Any CPU
	EndGlobalSection
	GlobalSection(SolutionProperties) = preSolution
		HideSolutionNode = FALSE
	EndGlobalSection
	GlobalSection(ExtensibilityGlobals) = postSolution
		SolutionGuid = {4638F2D6-3D05-4172-93E8-5A89B8246367}
	EndGlobalSection
EndGlobal
